
Microsoft Visual Studio Solution File, Format Version 12.00
# Visual Studio Version 17
VisualStudioVersion = 17.4.33122.133
MinimumVisualStudioVersion = 10.0.40219.1
Project("{888888A0-9F3D-457C-B088-3A5042F75D52}") = "CNNCIFAR10IanSp", "CNNCIFAR10IanSp.pyproj", "{0F3BEEBC-EA3D-4C3E-A669-2C99B62386CE}"
EndProject
Global
	GlobalSection(SolutionConfigurationPlatforms) = preSolution
		Debug|Any CPU = Debug|Any CPU
		Release|Any CPU = Release|Any CPU
	EndGlobalSection
	GlobalSection(ProjectConfigurationPlatforms) = postSolution
		{0F3BEEBC-EA3D-4C3E-A669-2C99B62386CE}.Debug|Any CPU.ActiveCfg = Debug|Any CPU
		{0F3BEEBC-EA3D-4C3E-A669-2C99B62386CE}.Release|Any CPU.ActiveCfg = Release|Any CPU
	EndGlobalSection
	GlobalSection(SolutionProperties) = preSolution
		HideSolutionNode = FALSE
	EndGlobalSection
	GlobalSection(ExtensibilityGlobals) = postSolution
		SolutionGuid = {56E8C120-F907-4B16-ADF1-BE16317C3B80}
	EndGlobalSection
EndGlobal
