
Microsoft Visual Studio Solution File, Format Version 12.00
# Visual Studio Version 17
VisualStudioVersion = 17.4.33122.133
MinimumVisualStudioVersion = 10.0.40219.1
Project("{888888A0-9F3D-457C-B088-3A5042F75D52}") = "Resnet50Cifar10IanSp", "Resnet50Cifar10IanSp.pyproj", "{FE4AE0E4-42EF-4477-B27C-A3BCDA7D2D29}"
EndProject
Global
	GlobalSection(SolutionConfigurationPlatforms) = preSolution
		Debug|Any CPU = Debug|Any CPU
		Release|Any CPU = Release|Any CPU
	EndGlobalSection
	GlobalSection(ProjectConfigurationPlatforms) = postSolution
		{FE4AE0E4-42EF-4477-B27C-A3BCDA7D2D29}.Debug|Any CPU.ActiveCfg = Debug|Any CPU
		{FE4AE0E4-42EF-4477-B27C-A3BCDA7D2D29}.Release|Any CPU.ActiveCfg = Release|Any CPU
	EndGlobalSection
	GlobalSection(SolutionProperties) = preSolution
		HideSolutionNode = FALSE
	EndGlobalSection
	GlobalSection(ExtensibilityGlobals) = postSolution
		SolutionGuid = {45E2D753-296B-4A2A-B365-4540FFE132D8}
	EndGlobalSection
EndGlobal
